
Microsoft Visual Studio Solution File, Format Version 12.00
Project("{FAE04EC0-301F-11D3-BF4B-00C04F79EFBC}") = "Internship", "Internship\Internship.csproj", "{BB22BE8C-B5A1-49D7-B503-D62B58418CD0}"
EndProject
Global
	GlobalSection(SolutionConfigurationPlatforms) = preSolution
		Debug|Any CPU = Debug|Any CPU
		Release|Any CPU = Release|Any CPU
	EndGlobalSection
	GlobalSection(ProjectConfigurationPlatforms) = postSolution
		{BB22BE8C-B5A1-49D7-B503-D62B58418CD0}.Debug|Any CPU.ActiveCfg = Debug|Any CPU
		{BB22BE8C-B5A1-49D7-B503-D62B58418CD0}.Debug|Any CPU.Build.0 = Debug|Any CPU
		{BB22BE8C-B5A1-49D7-B503-D62B58418CD0}.Release|Any CPU.ActiveCfg = Release|Any CPU
		{BB22BE8C-B5A1-49D7-B503-D62B58418CD0}.Release|Any CPU.Build.0 = Release|Any CPU
	EndGlobalSection
EndGlobal
